{
  "originHash" : "0f88ce856252f93bdf76ef243fd92a06f175a642768a85e9663f041249ef67ae",
  "pins" : [
    {
      "identity" : "ios-ticketmastersdk",
      "kind" : "remoteSourceControl",
      "location" : "https://github.com/ticketmaster/iOS-TicketmasterSDK",
      "state" : {
        "revision" : "dcb2e6bbc4b179e0f92c4d58c9fb5ee76d518577",
        "version" : "1.4.0"
      }
    }
  ],
  "version" : 3
}
