{
  "pins" : [
    {
      "identity" : "ios-ticketmastersdk",
      "kind" : "remoteSourceControl",
      "location" : "https://github.com/ticketmaster/iOS-TicketmasterSDK",
      "state" : {
        "revision" : "6e40a194759ffeaca57fcbcdc442c380ada96d3a",
        "version" : "1.2.1"
      }
    }
  ],
  "version" : 2
}
