{
  "pins" : [
    {
      "identity" : "ios-ticketmastersdk",
      "kind" : "remoteSourceControl",
      "location" : "https://github.com/ticketmaster/iOS-TicketmasterSDK",
      "state" : {
        "revision" : "dcb2e6bbc4b179e0f92c4d58c9fb5ee76d518577",
        "version" : "1.4.0"
      }
    }
  ],
  "version" : 2
}
